// !$*UTF8*$!
{
	archiveVersion = 1;
	classes = {
	};
	objectVersion = 56;
	objects = {

/* Begin PBXBuildFile section */
		30C02AA22D6F9C4600979793 /* SceneDelegate.swift in Sources */ = {isa = PBXBuildFile; fileRef = 30C02AA12D6F9C4600979793 /* SceneDelegate.swift */; };
		30C02AA42D6F9C4600979793 /* ViewController.swift in Sources */ = {isa = PBXBuildFile; fileRef = 30C02AA32D6F9C4600979793 /* ViewController.swift */; };
		30C02AFC2D6FA12400979793 /* Colors.swift in Sources */ = {isa = PBXBuildFile; fileRef = 30C02AF92D6FA12400979793 /* Colors.swift */; };
		30C02AFD2D6FA12400979793 /* Fonts.swift in Sources */ = {isa = PBXBuildFile; fileRef = 30C02AFA2D6FA12400979793 /* Fonts.swift */; };
		30C02B082D6FA13800979793 /* NSAttributedString+Ext.swift in Sources */ = {isa = PBXBuildFile; fileRef = 30C02B052D6FA13800979793 /* NSAttributedString+Ext.swift */; };
		30C02B092D6FA13800979793 /* String+Ext.swift in Sources */ = {isa = PBXBuildFile; fileRef = 30C02B062D6FA13800979793 /* String+Ext.swift */; };
		30C02B0D2D6FA14000979793 /* Review.swift in Sources */ = {isa = PBXBuildFile; fileRef = 30C02B0A2D6FA14000979793 /* Review.swift */; };
		30C02B0E2D6FA14000979793 /* Reviews.swift in Sources */ = {isa = PBXBuildFile; fileRef = 30C02B0B2D6FA14000979793 /* Reviews.swift */; };
		30C02B112D6FA14700979793 /* TableCellConfig.swift in Sources */ = {isa = PBXBuildFile; fileRef = 30C02B0F2D6FA14700979793 /* TableCellConfig.swift */; };
		30C02B262D6FA15900979793 /* ReviewCell.swift in Sources */ = {isa = PBXBuildFile; fileRef = 30C02B182D6FA15900979793 /* ReviewCell.swift */; };
		30C02B272D6FA15900979793 /* RatingRenderer.swift in Sources */ = {isa = PBXBuildFile; fileRef = 30C02B1A2D6FA15900979793 /* RatingRenderer.swift */; };
		30C02B282D6FA15900979793 /* ReviewsProvider.swift in Sources */ = {isa = PBXBuildFile; fileRef = 30C02B1B2D6FA15900979793 /* ReviewsProvider.swift */; };
		30C02B292D6FA15900979793 /* ReviewsScreenFactory.swift in Sources */ = {isa = PBXBuildFile; fileRef = 30C02B1C2D6FA15900979793 /* ReviewsScreenFactory.swift */; };
		30C02B2A2D6FA15900979793 /* ReviewsView.swift in Sources */ = {isa = PBXBuildFile; fileRef = 30C02B1D2D6FA15900979793 /* ReviewsView.swift */; };
		30C02B2B2D6FA15900979793 /* ReviewsViewController.swift in Sources */ = {isa = PBXBuildFile; fileRef = 30C02B1E2D6FA15900979793 /* ReviewsViewController.swift */; };
		30C02B2C2D6FA15900979793 /* ReviewsViewModel.swift in Sources */ = {isa = PBXBuildFile; fileRef = 30C02B1F2D6FA15900979793 /* ReviewsViewModel.swift */; };
		30C02B2D2D6FA15900979793 /* ReviewsViewModelState.swift in Sources */ = {isa = PBXBuildFile; fileRef = 30C02B202D6FA15900979793 /* ReviewsViewModelState.swift */; };
		30C02B2E2D6FA15900979793 /* RootView.swift in Sources */ = {isa = PBXBuildFile; fileRef = 30C02B222D6FA15900979793 /* RootView.swift */; };
		30C02B2F2D6FA15900979793 /* RootViewController.swift in Sources */ = {isa = PBXBuildFile; fileRef = 30C02B232D6FA15900979793 /* RootViewController.swift */; };
		30C02B382D6FA1CC00979793 /* 1.png in Resources */ = {isa = PBXBuildFile; fileRef = 30C02B342D6FA1CC00979793 /* 1.png */; };
		30C02B392D6FA1CC00979793 /* 2.png in Resources */ = {isa = PBXBuildFile; fileRef = 30C02B352D6FA1CC00979793 /* 2.png */; };
		30C02B3A2D6FA1CC00979793 /* 3.png in Resources */ = {isa = PBXBuildFile; fileRef = 30C02B362D6FA1CC00979793 /* 3.png */; };
		30C02B3C2D6FA33E00979793 /* AppDelegate.swift in Sources */ = {isa = PBXBuildFile; fileRef = 30C02B3B2D6FA33E00979793 /* AppDelegate.swift */; };
		30C02B412D6FA64D00979793 /* getReviews.response.json in Resources */ = {isa = PBXBuildFile; fileRef = 30C02B3D2D6FA64D00979793 /* getReviews.response.json */; };
		30C02B422D6FA64D00979793 /* Assets.xcassets in Resources */ = {isa = PBXBuildFile; fileRef = 30C02B3F2D6FA64D00979793 /* Assets.xcassets */; };
/* End PBXBuildFile section */

/* Begin PBXFileReference section */
		30C02A9C2D6F9C4600979793 /* VKTestProject.app */ = {isa = PBXFileReference; explicitFileType = wrapper.application; includeInIndex = 0; path = VKTestProject.app; sourceTree = BUILT_PRODUCTS_DIR; };
		30C02AA12D6F9C4600979793 /* SceneDelegate.swift */ = {isa = PBXFileReference; lastKnownFileType = sourcecode.swift; path = SceneDelegate.swift; sourceTree = "<group>"; };
		30C02AA32D6F9C4600979793 /* ViewController.swift */ = {isa = PBXFileReference; lastKnownFileType = sourcecode.swift; path = ViewController.swift; sourceTree = "<group>"; };
		30C02AAD2D6F9C4700979793 /* Info.plist */ = {isa = PBXFileReference; lastKnownFileType = text.plist.xml; path = Info.plist; sourceTree = "<group>"; };
		30C02AF92D6FA12400979793 /* Colors.swift */ = {isa = PBXFileReference; fileEncoding = 4; lastKnownFileType = sourcecode.swift; path = Colors.swift; sourceTree = "<group>"; };
		30C02AFA2D6FA12400979793 /* Fonts.swift */ = {isa = PBXFileReference; fileEncoding = 4; lastKnownFileType = sourcecode.swift; path = Fonts.swift; sourceTree = "<group>"; };
		30C02B052D6FA13800979793 /* NSAttributedString+Ext.swift */ = {isa = PBXFileReference; fileEncoding = 4; lastKnownFileType = sourcecode.swift; path = "NSAttributedString+Ext.swift"; sourceTree = "<group>"; };
		30C02B062D6FA13800979793 /* String+Ext.swift */ = {isa = PBXFileReference; fileEncoding = 4; lastKnownFileType = sourcecode.swift; path = "String+Ext.swift"; sourceTree = "<group>"; };
		30C02B0A2D6FA14000979793 /* Review.swift */ = {isa = PBXFileReference; fileEncoding = 4; lastKnownFileType = sourcecode.swift; path = Review.swift; sourceTree = "<group>"; };
		30C02B0B2D6FA14000979793 /* Reviews.swift */ = {isa = PBXFileReference; fileEncoding = 4; lastKnownFileType = sourcecode.swift; path = Reviews.swift; sourceTree = "<group>"; };
		30C02B0F2D6FA14700979793 /* TableCellConfig.swift */ = {isa = PBXFileReference; fileEncoding = 4; lastKnownFileType = sourcecode.swift; path = TableCellConfig.swift; sourceTree = "<group>"; };
		30C02B182D6FA15900979793 /* ReviewCell.swift */ = {isa = PBXFileReference; fileEncoding = 4; lastKnownFileType = sourcecode.swift; path = ReviewCell.swift; sourceTree = "<group>"; };
		30C02B1A2D6FA15900979793 /* RatingRenderer.swift */ = {isa = PBXFileReference; fileEncoding = 4; lastKnownFileType = sourcecode.swift; path = RatingRenderer.swift; sourceTree = "<group>"; };
		30C02B1B2D6FA15900979793 /* ReviewsProvider.swift */ = {isa = PBXFileReference; fileEncoding = 4; lastKnownFileType = sourcecode.swift; path = ReviewsProvider.swift; sourceTree = "<group>"; };
		30C02B1C2D6FA15900979793 /* ReviewsScreenFactory.swift */ = {isa = PBXFileReference; fileEncoding = 4; lastKnownFileType = sourcecode.swift; path = ReviewsScreenFactory.swift; sourceTree = "<group>"; };
		30C02B1D2D6FA15900979793 /* ReviewsView.swift */ = {isa = PBXFileReference; fileEncoding = 4; lastKnownFileType = sourcecode.swift; path = ReviewsView.swift; sourceTree = "<group>"; };
		30C02B1E2D6FA15900979793 /* ReviewsViewController.swift */ = {isa = PBXFileReference; fileEncoding = 4; lastKnownFileType = sourcecode.swift; path = ReviewsViewController.swift; sourceTree = "<group>"; };
		30C02B1F2D6FA15900979793 /* ReviewsViewModel.swift */ = {isa = PBXFileReference; fileEncoding = 4; lastKnownFileType = sourcecode.swift; path = ReviewsViewModel.swift; sourceTree = "<group>"; };
		30C02B202D6FA15900979793 /* ReviewsViewModelState.swift */ = {isa = PBXFileReference; fileEncoding = 4; lastKnownFileType = sourcecode.swift; path = ReviewsViewModelState.swift; sourceTree = "<group>"; };
		30C02B222D6FA15900979793 /* RootView.swift */ = {isa = PBXFileReference; fileEncoding = 4; lastKnownFileType = sourcecode.swift; path = RootView.swift; sourceTree = "<group>"; };
		30C02B232D6FA15900979793 /* RootViewController.swift */ = {isa = PBXFileReference; fileEncoding = 4; lastKnownFileType = sourcecode.swift; path = RootViewController.swift; sourceTree = "<group>"; };
		30C02B342D6FA1CC00979793 /* 1.png */ = {isa = PBXFileReference; lastKnownFileType = image.png; path = 1.png; sourceTree = "<group>"; };
		30C02B352D6FA1CC00979793 /* 2.png */ = {isa = PBXFileReference; lastKnownFileType = image.png; path = 2.png; sourceTree = "<group>"; };
		30C02B362D6FA1CC00979793 /* 3.png */ = {isa = PBXFileReference; lastKnownFileType = image.png; path = 3.png; sourceTree = "<group>"; };
		30C02B3B2D6FA33E00979793 /* AppDelegate.swift */ = {isa = PBXFileReference; fileEncoding = 4; lastKnownFileType = sourcecode.swift; path = AppDelegate.swift; sourceTree = "<group>"; };
		30C02B3D2D6FA64D00979793 /* getReviews.response.json */ = {isa = PBXFileReference; fileEncoding = 4; lastKnownFileType = text.json; path = getReviews.response.json; sourceTree = "<group>"; };
		30C02B3F2D6FA64D00979793 /* Assets.xcassets */ = {isa = PBXFileReference; lastKnownFileType = folder.assetcatalog; path = Assets.xcassets; sourceTree = "<group>"; };
/* End PBXFileReference section */

/* Begin PBXFrameworksBuildPhase section */
		30C02A992D6F9C4600979793 /* Frameworks */ = {
			isa = PBXFrameworksBuildPhase;
			buildActionMask = 2147483647;
			files = (
			);
			runOnlyForDeploymentPostprocessing = 0;
		};
/* End PBXFrameworksBuildPhase section */

/* Begin PBXGroup section */
		30C02A932D6F9C4600979793 = {
			isa = PBXGroup;
			children = (
				30C02A9E2D6F9C4600979793 /* VKTestProject */,
				30C02A9D2D6F9C4600979793 /* Products */,
			);
			sourceTree = "<group>";
		};
		30C02A9D2D6F9C4600979793 /* Products */ = {
			isa = PBXGroup;
			children = (
				30C02A9C2D6F9C4600979793 /* VKTestProject.app */,
			);
			name = Products;
			sourceTree = "<group>";
		};
		30C02A9E2D6F9C4600979793 /* VKTestProject */ = {
			isa = PBXGroup;
			children = (
				30C02B3B2D6FA33E00979793 /* AppDelegate.swift */,
				30C02B402D6FA64D00979793 /* Resources */,
				30C02B372D6FA1CC00979793 /* Screenshots */,
				30C02B252D6FA15900979793 /* Screens */,
				30C02B102D6FA14700979793 /* Protocols */,
				30C02B0C2D6FA14000979793 /* Model */,
				30C02B072D6FA13800979793 /* Extensions */,
				30C02AFB2D6FA12400979793 /* Constants */,
				30C02AA12D6F9C4600979793 /* SceneDelegate.swift */,
				30C02AA32D6F9C4600979793 /* ViewController.swift */,
				30C02AAD2D6F9C4700979793 /* Info.plist */,
			);
			path = VKTestProject;
			sourceTree = "<group>";
		};
		30C02AFB2D6FA12400979793 /* Constants */ = {
			isa = PBXGroup;
			children = (
				30C02AF92D6FA12400979793 /* Colors.swift */,
				30C02AFA2D6FA12400979793 /* Fonts.swift */,
			);
			path = Constants;
			sourceTree = "<group>";
		};
		30C02B072D6FA13800979793 /* Extensions */ = {
			isa = PBXGroup;
			children = (
				30C02B052D6FA13800979793 /* NSAttributedString+Ext.swift */,
				30C02B062D6FA13800979793 /* String+Ext.swift */,
			);
			path = Extensions;
			sourceTree = "<group>";
		};
		30C02B0C2D6FA14000979793 /* Model */ = {
			isa = PBXGroup;
			children = (
				30C02B0A2D6FA14000979793 /* Review.swift */,
				30C02B0B2D6FA14000979793 /* Reviews.swift */,
			);
			path = Model;
			sourceTree = "<group>";
		};
		30C02B102D6FA14700979793 /* Protocols */ = {
			isa = PBXGroup;
			children = (
				30C02B0F2D6FA14700979793 /* TableCellConfig.swift */,
			);
			path = Protocols;
			sourceTree = "<group>";
		};
		30C02B192D6FA15900979793 /* Cells */ = {
			isa = PBXGroup;
			children = (
				30C02B182D6FA15900979793 /* ReviewCell.swift */,
			);
			path = Cells;
			sourceTree = "<group>";
		};
		30C02B212D6FA15900979793 /* Reviews */ = {
			isa = PBXGroup;
			children = (
				30C02B192D6FA15900979793 /* Cells */,
				30C02B1A2D6FA15900979793 /* RatingRenderer.swift */,
				30C02B1B2D6FA15900979793 /* ReviewsProvider.swift */,
				30C02B1C2D6FA15900979793 /* ReviewsScreenFactory.swift */,
				30C02B1D2D6FA15900979793 /* ReviewsView.swift */,
				30C02B1E2D6FA15900979793 /* ReviewsViewController.swift */,
				30C02B1F2D6FA15900979793 /* ReviewsViewModel.swift */,
				30C02B202D6FA15900979793 /* ReviewsViewModelState.swift */,
			);
			path = Reviews;
			sourceTree = "<group>";
		};
		30C02B242D6FA15900979793 /* Root */ = {
			isa = PBXGroup;
			children = (
				30C02B222D6FA15900979793 /* RootView.swift */,
				30C02B232D6FA15900979793 /* RootViewController.swift */,
			);
			path = Root;
			sourceTree = "<group>";
		};
		30C02B252D6FA15900979793 /* Screens */ = {
			isa = PBXGroup;
			children = (
				30C02B212D6FA15900979793 /* Reviews */,
				30C02B242D6FA15900979793 /* Root */,
			);
			path = Screens;
			sourceTree = "<group>";
		};
		30C02B372D6FA1CC00979793 /* Screenshots */ = {
			isa = PBXGroup;
			children = (
				30C02B342D6FA1CC00979793 /* 1.png */,
				30C02B352D6FA1CC00979793 /* 2.png */,
				30C02B362D6FA1CC00979793 /* 3.png */,
			);
			name = Screenshots;
			path = ../../temp_test_project/Test/Screenshots;
			sourceTree = "<group>";
		};
		30C02B3E2D6FA64D00979793 /* Responses */ = {
			isa = PBXGroup;
			children = (
				30C02B3D2D6FA64D00979793 /* getReviews.response.json */,
			);
			path = Responses;
			sourceTree = "<group>";
		};
		30C02B402D6FA64D00979793 /* Resources */ = {
			isa = PBXGroup;
			children = (
				30C02B3E2D6FA64D00979793 /* Responses */,
				30C02B3F2D6FA64D00979793 /* Assets.xcassets */,
			);
			name = Resources;
			path = ../../temp_test_project/Test/Test/Resources;
			sourceTree = "<group>";
		};
/* End PBXGroup section */

/* Begin PBXNativeTarget section */
		30C02A9B2D6F9C4600979793 /* VKTestProject */ = {
			isa = PBXNativeTarget;
			buildConfigurationList = 30C02AB02D6F9C4700979793 /* Build configuration list for PBXNativeTarget "VKTestProject" */;
			buildPhases = (
				30C02A982D6F9C4600979793 /* Sources */,
				30C02A992D6F9C4600979793 /* Frameworks */,
				30C02A9A2D6F9C4600979793 /* Resources */,
			);
			buildRules = (
			);
			dependencies = (
			);
			name = VKTestProject;
			productName = VKTestProject;
			productReference = 30C02A9C2D6F9C4600979793 /* VKTestProject.app */;
			productType = "com.apple.product-type.application";
		};
/* End PBXNativeTarget section */

/* Begin PBXProject section */
		30C02A942D6F9C4600979793 /* Project object */ = {
			isa = PBXProject;
			attributes = {
				BuildIndependentTargetsInParallel = 1;
				LastSwiftUpdateCheck = 1540;
				LastUpgradeCheck = 1540;
				TargetAttributes = {
					30C02A9B2D6F9C4600979793 = {
						CreatedOnToolsVersion = 15.4;
					};
				};
			};
			buildConfigurationList = 30C02A972D6F9C4600979793 /* Build configuration list for PBXProject "VKTestProject" */;
			compatibilityVersion = "Xcode 14.0";
			developmentRegion = en;
			hasScannedForEncodings = 0;
			knownRegions = (
				en,
				Base,
			);
			mainGroup = 30C02A932D6F9C4600979793;
			productRefGroup = 30C02A9D2D6F9C4600979793 /* Products */;
			projectDirPath = "";
			projectRoot = "";
			targets = (
				30C02A9B2D6F9C4600979793 /* VKTestProject */,
			);
		};
/* End PBXProject section */

/* Begin PBXResourcesBuildPhase section */
		30C02A9A2D6F9C4600979793 /* Resources */ = {
			isa = PBXResourcesBuildPhase;
			buildActionMask = 2147483647;
			files = (
				30C02B392D6FA1CC00979793 /* 2.png in Resources */,
				30C02B3A2D6FA1CC00979793 /* 3.png in Resources */,
				30C02B412D6FA64D00979793 /* getReviews.response.json in Resources */,
				30C02B382D6FA1CC00979793 /* 1.png in Resources */,
				30C02B422D6FA64D00979793 /* Assets.xcassets in Resources */,
			);
			runOnlyForDeploymentPostprocessing = 0;
		};
/* End PBXResourcesBuildPhase section */

/* Begin PBXSourcesBuildPhase section */
		30C02A982D6F9C4600979793 /* Sources */ = {
			isa = PBXSourcesBuildPhase;
			buildActionMask = 2147483647;
			files = (
				30C02B2D2D6FA15900979793 /* ReviewsViewModelState.swift in Sources */,
				30C02AA42D6F9C4600979793 /* ViewController.swift in Sources */,
				30C02B282D6FA15900979793 /* ReviewsProvider.swift in Sources */,
				30C02B0D2D6FA14000979793 /* Review.swift in Sources */,
				30C02B092D6FA13800979793 /* String+Ext.swift in Sources */,
				30C02B272D6FA15900979793 /* RatingRenderer.swift in Sources */,
				30C02B2E2D6FA15900979793 /* RootView.swift in Sources */,
				30C02AFD2D6FA12400979793 /* Fonts.swift in Sources */,
				30C02B3C2D6FA33E00979793 /* AppDelegate.swift in Sources */,
				30C02AFC2D6FA12400979793 /* Colors.swift in Sources */,
				30C02B082D6FA13800979793 /* NSAttributedString+Ext.swift in Sources */,
				30C02B2F2D6FA15900979793 /* RootViewController.swift in Sources */,
				30C02B292D6FA15900979793 /* ReviewsScreenFactory.swift in Sources */,
				30C02B2A2D6FA15900979793 /* ReviewsView.swift in Sources */,
				30C02B2C2D6FA15900979793 /* ReviewsViewModel.swift in Sources */,
				30C02B2B2D6FA15900979793 /* ReviewsViewController.swift in Sources */,
				30C02B112D6FA14700979793 /* TableCellConfig.swift in Sources */,
				30C02B0E2D6FA14000979793 /* Reviews.swift in Sources */,
				30C02AA22D6F9C4600979793 /* SceneDelegate.swift in Sources */,
				30C02B262D6FA15900979793 /* ReviewCell.swift in Sources */,
			);
			runOnlyForDeploymentPostprocessing = 0;
		};
/* End PBXSourcesBuildPhase section */

/* Begin XCBuildConfiguration section */
		30C02AAE2D6F9C4700979793 /* Debug */ = {
			isa = XCBuildConfiguration;
			buildSettings = {
				ALWAYS_SEARCH_USER_PATHS = NO;
				ASSETCATALOG_COMPILER_GENERATE_SWIFT_ASSET_SYMBOL_EXTENSIONS = YES;
				CLANG_ANALYZER_NONNULL = YES;
				CLANG_ANALYZER_NUMBER_OBJECT_CONVERSION = YES_AGGRESSIVE;
				CLANG_CXX_LANGUAGE_STANDARD = "gnu++20";
				CLANG_ENABLE_MODULES = YES;
				CLANG_ENABLE_OBJC_ARC = YES;
				CLANG_ENABLE_OBJC_WEAK = YES;
				CLANG_WARN_BLOCK_CAPTURE_AUTORELEASING = YES;
				CLANG_WARN_BOOL_CONVERSION = YES;
				CLANG_WARN_COMMA = YES;
				CLANG_WARN_CONSTANT_CONVERSION = YES;
				CLANG_WARN_DEPRECATED_OBJC_IMPLEMENTATIONS = YES;
				CLANG_WARN_DIRECT_OBJC_ISA_USAGE = YES_ERROR;
				CLANG_WARN_DOCUMENTATION_COMMENTS = YES;
				CLANG_WARN_EMPTY_BODY = YES;
				CLANG_WARN_ENUM_CONVERSION = YES;
				CLANG_WARN_INFINITE_RECURSION = YES;
				CLANG_WARN_INT_CONVERSION = YES;
				CLANG_WARN_NON_LITERAL_NULL_CONVERSION = YES;
				CLANG_WARN_OBJC_IMPLICIT_RETAIN_SELF = YES;
				CLANG_WARN_OBJC_LITERAL_CONVERSION = YES;
				CLANG_WARN_OBJC_ROOT_CLASS = YES_ERROR;
				CLANG_WARN_QUOTED_INCLUDE_IN_FRAMEWORK_HEADER = YES;
				CLANG_WARN_RANGE_LOOP_ANALYSIS = YES;
				CLANG_WARN_STRICT_PROTOTYPES = YES;
				CLANG_WARN_SUSPICIOUS_MOVE = YES;
				CLANG_WARN_UNGUARDED_AVAILABILITY = YES_AGGRESSIVE;
				CLANG_WARN_UNREACHABLE_CODE = YES;
				CLANG_WARN__DUPLICATE_METHOD_MATCH = YES;
				COPY_PHASE_STRIP = NO;
				DEBUG_INFORMATION_FORMAT = dwarf;
				ENABLE_STRICT_OBJC_MSGSEND = YES;
				ENABLE_TESTABILITY = YES;
				ENABLE_USER_SCRIPT_SANDBOXING = YES;
				GCC_C_LANGUAGE_STANDARD = gnu17;
				GCC_DYNAMIC_NO_PIC = NO;
				GCC_NO_COMMON_BLOCKS = YES;
				GCC_OPTIMIZATION_LEVEL = 0;
				GCC_PREPROCESSOR_DEFINITIONS = (
					"DEBUG=1",
					"$(inherited)",
				);
				GCC_WARN_64_TO_32_BIT_CONVERSION = YES;
				GCC_WARN_ABOUT_RETURN_TYPE = YES_ERROR;
				GCC_WARN_UNDECLARED_SELECTOR = YES;
				GCC_WARN_UNINITIALIZED_AUTOS = YES_AGGRESSIVE;
				GCC_WARN_UNUSED_FUNCTION = YES;
				GCC_WARN_UNUSED_VARIABLE = YES;
				IPHONEOS_DEPLOYMENT_TARGET = 17.5;
				LOCALIZATION_PREFERS_STRING_CATALOGS = YES;
				MTL_ENABLE_DEBUG_INFO = INCLUDE_SOURCE;
				MTL_FAST_MATH = YES;
				ONLY_ACTIVE_ARCH = YES;
				SDKROOT = iphoneos;
				SWIFT_ACTIVE_COMPILATION_CONDITIONS = "DEBUG $(inherited)";
				SWIFT_OPTIMIZATION_LEVEL = "-Onone";
			};
			name = Debug;
		};
		30C02AAF2D6F9C4700979793 /* Release */ = {
			isa = XCBuildConfiguration;
			buildSettings = {
				ALWAYS_SEARCH_USER_PATHS = NO;
				ASSETCATALOG_COMPILER_GENERATE_SWIFT_ASSET_SYMBOL_EXTENSIONS = YES;
				CLANG_ANALYZER_NONNULL = YES;
				CLANG_ANALYZER_NUMBER_OBJECT_CONVERSION = YES_AGGRESSIVE;
				CLANG_CXX_LANGUAGE_STANDARD = "gnu++20";
				CLANG_ENABLE_MODULES = YES;
				CLANG_ENABLE_OBJC_ARC = YES;
				CLANG_ENABLE_OBJC_WEAK = YES;
				CLANG_WARN_BLOCK_CAPTURE_AUTORELEASING = YES;
				CLANG_WARN_BOOL_CONVERSION = YES;
				CLANG_WARN_COMMA = YES;
				CLANG_WARN_CONSTANT_CONVERSION = YES;
				CLANG_WARN_DEPRECATED_OBJC_IMPLEMENTATIONS = YES;
				CLANG_WARN_DIRECT_OBJC_ISA_USAGE = YES_ERROR;
				CLANG_WARN_DOCUMENTATION_COMMENTS = YES;
				CLANG_WARN_EMPTY_BODY = YES;
				CLANG_WARN_ENUM_CONVERSION = YES;
				CLANG_WARN_INFINITE_RECURSION = YES;
				CLANG_WARN_INT_CONVERSION = YES;
				CLANG_WARN_NON_LITERAL_NULL_CONVERSION = YES;
				CLANG_WARN_OBJC_IMPLICIT_RETAIN_SELF = YES;
				CLANG_WARN_OBJC_LITERAL_CONVERSION = YES;
				CLANG_WARN_OBJC_ROOT_CLASS = YES_ERROR;
				CLANG_WARN_QUOTED_INCLUDE_IN_FRAMEWORK_HEADER = YES;
				CLANG_WARN_RANGE_LOOP_ANALYSIS = YES;
				CLANG_WARN_STRICT_PROTOTYPES = YES;
				CLANG_WARN_SUSPICIOUS_MOVE = YES;
				CLANG_WARN_UNGUARDED_AVAILABILITY = YES_AGGRESSIVE;
				CLANG_WARN_UNREACHABLE_CODE = YES;
				CLANG_WARN__DUPLICATE_METHOD_MATCH = YES;
				COPY_PHASE_STRIP = NO;
				DEBUG_INFORMATION_FORMAT = "dwarf-with-dsym";
				ENABLE_NS_ASSERTIONS = NO;
				ENABLE_STRICT_OBJC_MSGSEND = YES;
				ENABLE_USER_SCRIPT_SANDBOXING = YES;
				GCC_C_LANGUAGE_STANDARD = gnu17;
				GCC_NO_COMMON_BLOCKS = YES;
				GCC_WARN_64_TO_32_BIT_CONVERSION = YES;
				GCC_WARN_ABOUT_RETURN_TYPE = YES_ERROR;
				GCC_WARN_UNDECLARED_SELECTOR = YES;
				GCC_WARN_UNINITIALIZED_AUTOS = YES_AGGRESSIVE;
				GCC_WARN_UNUSED_FUNCTION = YES;
				GCC_WARN_UNUSED_VARIABLE = YES;
				IPHONEOS_DEPLOYMENT_TARGET = 17.5;
				LOCALIZATION_PREFERS_STRING_CATALOGS = YES;
				MTL_ENABLE_DEBUG_INFO = NO;
				MTL_FAST_MATH = YES;
				SDKROOT = iphoneos;
				SWIFT_COMPILATION_MODE = wholemodule;
				VALIDATE_PRODUCT = YES;
			};
			name = Release;
		};
		30C02AB12D6F9C4700979793 /* Debug */ = {
			isa = XCBuildConfiguration;
			buildSettings = {
				ASSETCATALOG_COMPILER_APPICON_NAME = AppIcon;
				ASSETCATALOG_COMPILER_GLOBAL_ACCENT_COLOR_NAME = AccentColor;
				CODE_SIGN_STYLE = Automatic;
				CURRENT_PROJECT_VERSION = 1;
				DEVELOPMENT_TEAM = G9Q236HNN8;
				GENERATE_INFOPLIST_FILE = YES;
				INFOPLIST_FILE = VKTestProject/Info.plist;
				INFOPLIST_KEY_UIApplicationSupportsIndirectInputEvents = YES;
				INFOPLIST_KEY_UILaunchStoryboardName = LaunchScreen;
				INFOPLIST_KEY_UIMainStoryboardFile = Main;
				INFOPLIST_KEY_UISupportedInterfaceOrientations_iPad = "UIInterfaceOrientationPortrait UIInterfaceOrientationPortraitUpsideDown UIInterfaceOrientationLandscapeLeft UIInterfaceOrientationLandscapeRight";
				INFOPLIST_KEY_UISupportedInterfaceOrientations_iPhone = "UIInterfaceOrientationPortrait UIInterfaceOrientationLandscapeLeft UIInterfaceOrientationLandscapeRight";
				LD_RUNPATH_SEARCH_PATHS = (
					"$(inherited)",
					"@executable_path/Frameworks",
				);
				MARKETING_VERSION = 1.0;
				PRODUCT_BUNDLE_IDENTIFIER = com.daniil.dementyev.VKTestProject;
				PRODUCT_NAME = "$(TARGET_NAME)";
				SWIFT_EMIT_LOC_STRINGS = YES;
				SWIFT_VERSION = 5.0;
				TARGETED_DEVICE_FAMILY = "1,2";
			};
			name = Debug;
		};
		30C02AB22D6F9C4700979793 /* Release */ = {
			isa = XCBuildConfiguration;
			buildSettings = {
				ASSETCATALOG_COMPILER_APPICON_NAME = AppIcon;
				ASSETCATALOG_COMPILER_GLOBAL_ACCENT_COLOR_NAME = AccentColor;
				CODE_SIGN_STYLE = Automatic;
				CURRENT_PROJECT_VERSION = 1;
				DEVELOPMENT_TEAM = G9Q236HNN8;
				GENERATE_INFOPLIST_FILE = YES;
				INFOPLIST_FILE = VKTestProject/Info.plist;
				INFOPLIST_KEY_UIApplicationSupportsIndirectInputEvents = YES;
				INFOPLIST_KEY_UILaunchStoryboardName = LaunchScreen;
				INFOPLIST_KEY_UIMainStoryboardFile = Main;
				INFOPLIST_KEY_UISupportedInterfaceOrientations_iPad = "UIInterfaceOrientationPortrait UIInterfaceOrientationPortraitUpsideDown UIInterfaceOrientationLandscapeLeft UIInterfaceOrientationLandscapeRight";
				INFOPLIST_KEY_UISupportedInterfaceOrientations_iPhone = "UIInterfaceOrientationPortrait UIInterfaceOrientationLandscapeLeft UIInterfaceOrientationLandscapeRight";
				LD_RUNPATH_SEARCH_PATHS = (
					"$(inherited)",
					"@executable_path/Frameworks",
				);
				MARKETING_VERSION = 1.0;
				PRODUCT_BUNDLE_IDENTIFIER = com.daniil.dementyev.VKTestProject;
				PRODUCT_NAME = "$(TARGET_NAME)";
				SWIFT_EMIT_LOC_STRINGS = YES;
				SWIFT_VERSION = 5.0;
				TARGETED_DEVICE_FAMILY = "1,2";
			};
			name = Release;
		};
/* End XCBuildConfiguration section */

/* Begin XCConfigurationList section */
		30C02A972D6F9C4600979793 /* Build configuration list for PBXProject "VKTestProject" */ = {
			isa = XCConfigurationList;
			buildConfigurations = (
				30C02AAE2D6F9C4700979793 /* Debug */,
				30C02AAF2D6F9C4700979793 /* Release */,
			);
			defaultConfigurationIsVisible = 0;
			defaultConfigurationName = Release;
		};
		30C02AB02D6F9C4700979793 /* Build configuration list for PBXNativeTarget "VKTestProject" */ = {
			isa = XCConfigurationList;
			buildConfigurations = (
				30C02AB12D6F9C4700979793 /* Debug */,
				30C02AB22D6F9C4700979793 /* Release */,
			);
			defaultConfigurationIsVisible = 0;
			defaultConfigurationName = Release;
		};
/* End XCConfigurationList section */
	};
	rootObject = 30C02A942D6F9C4600979793 /* Project object */;
}
